
Microsoft Visual Studio Solution File, Format Version 12.00
# Visual Studio Version 17
VisualStudioVersion = 17.14.36811.4
MinimumVisualStudioVersion = 10.0.40219.1
Project("{FAE04EC0-301F-11D3-BF4B-00C04F79EFBC}") = "Big_O_Analyzer", "Big_O_Analyzer.csproj", "{AC040F2A-FE38-4EEA-8A5A-9FD647F92718}"
EndProject
Global
	GlobalSection(SolutionConfigurationPlatforms) = preSolution
		Debug|Any CPU = Debug|Any CPU
		Release|Any CPU = Release|Any CPU
	EndGlobalSection
	GlobalSection(ProjectConfigurationPlatforms) = postSolution
		{AC040F2A-FE38-4EEA-8A5A-9FD647F92718}.Debug|Any CPU.ActiveCfg = Debug|Any CPU
		{AC040F2A-FE38-4EEA-8A5A-9FD647F92718}.Debug|Any CPU.Build.0 = Debug|Any CPU
		{AC040F2A-FE38-4EEA-8A5A-9FD647F92718}.Release|Any CPU.ActiveCfg = Release|Any CPU
		{AC040F2A-FE38-4EEA-8A5A-9FD647F92718}.Release|Any CPU.Build.0 = Release|Any CPU
	EndGlobalSection
	GlobalSection(SolutionProperties) = preSolution
		HideSolutionNode = FALSE
	EndGlobalSection
	GlobalSection(ExtensibilityGlobals) = postSolution
		SolutionGuid = {FAA259E5-32AB-43A3-92FD-1D384150B8DC}
	EndGlobalSection
EndGlobal
